<?xml version="1.0" encoding="utf-8"?>
<Project ToolsVersion="4.0" xmlns:atg="http://atg.xbox.com" xmlns="http://schemas.microsoft.com/developer/msbuild/2003">
  <ItemGroup>
    <Filter Include="Resource Files">
      <UniqueIdentifier>{8e114980-c1a3-4ada-ad7c-83caadf5daeb}</UniqueIdentifier>
      <Extensions>rc;ico;cur;bmp;dlg;rc2;rct;bin;rgs;gif;jpg;jpeg;jpe</Extensions>
    </Filter>
    <Filter Include="DXUT">
      <UniqueIdentifier>{a43c5c25-0e86-4a20-b64a-883785ff74fd}</UniqueIdentifier>
    </Filter>
    <Filter Include="Shaders">
      <UniqueIdentifier>{2c3d4c8c-5d1a-459a-a05a-a4e4b608a44e}</UniqueIdentifier>
      <Extensions>fx;fxh;hlsl</Extensions>
    </Filter>
  </ItemGroup>
  <ItemGroup>
    <None Include="DXUT\Optional\directx.ico">
      <Filter>Resource Files</Filter>
    </None>
    <ClInclude Include="DXUT\Core\DXUT.h">
      <Filter>DXUT</Filter>
    </ClInclude>
    <ClInclude Include="DXUT\Core\DXUTenum.h">
      <Filter>DXUT</Filter>
    </ClInclude>
    <ClInclude Include="DXUT\Core\DXUTmisc.h">
      <Filter>DXUT</Filter>
    </ClInclude>
    <ClCompile Include="DXUT\Core\DXUT.cpp">
      <Filter>DXUT</Filter>
    </ClCompile>
    <ClCompile Include="DXUT\Core\DXUTenum.cpp">
      <Filter>DXUT</Filter>
    </ClCompile>
    <ClCompile Include="DXUT\Core\DXUTmisc.cpp">
      <Filter>DXUT</Filter>
    </ClCompile>
    <ClInclude Include="DXUT\Optional\DXUTcamera.h">
      <Filter>DXUT</Filter>
    </ClInclude>
    <ClInclude Include="DXUT\Optional\DXUTgui.h">
      <Filter>DXUT</Filter>
    </ClInclude>
    <ClInclude Include="DXUT\Optional\DXUTres.h">
      <Filter>DXUT</Filter>
    </ClInclude>
    <ClInclude Include="DXUT\Optional\DXUTsettingsdlg.h">
      <Filter>DXUT</Filter>
    </ClInclude>
    <ClInclude Include="DXUT\Optional\SDKmesh.h">
      <Filter>DXUT</Filter>
    </ClInclude>
    <ClInclude Include="DXUT\Optional\SDKmisc.h">
      <Filter>DXUT</Filter>
    </ClInclude>
    <ClCompile Include="DXUT\Optional\DXUTcamera.cpp">
      <Filter>DXUT</Filter>
    </ClCompile>
    <ClCompile Include="DXUT\Optional\DXUTgui.cpp">
      <Filter>DXUT</Filter>
    </ClCompile>
    <ClCompile Include="DXUT\Optional\DXUTres.cpp">
      <Filter>DXUT</Filter>
    </ClCompile>
    <ClCompile Include="DXUT\Optional\DXUTsettingsdlg.cpp">
      <Filter>DXUT</Filter>
    </ClCompile>
    <ClCompile Include="DXUT\Optional\SDKmesh.cpp">
      <Filter>DXUT</Filter>
    </ClCompile>
    <ClCompile Include="DXUT\Optional\SDKmisc.cpp">
      <Filter>DXUT</Filter>
    </ClCompile>
  </ItemGroup>
  <ItemGroup>
    <ClCompile Include="GameClient.cpp" />
    <ClCompile Include="TextureMgr.cpp" />
    <ClCompile Include="SpriteMgr.cpp" />
    <ClCompile Include="GameObj.cpp" />
    <ClCompile Include="Render.cpp" />
    <ClCompile Include="ImgRender.cpp" />
    <ClCompile Include="GameObjContainer.cpp" />
    <ClCompile Include="GameObjMgr.cpp" />
    <ClCompile Include="CGameObjController.cpp" />
    <ClCompile Include="CGameMainStage.cpp" />
    <ClCompile Include="CGameStageMgr.cpp" />
    <ClCompile Include="CGameStage.cpp" />
    <ClCompile Include="ConnectMgr.cpp" />
    <ClCompile Include="ConnectMsg.cpp" />
    <ClCompile Include="CPlayerController.cpp" />
    <ClCompile Include="UnitObj.cpp" />
    <ClCompile Include="CBulletObj.cpp" />
    <ClCompile Include="CameraMgr.cpp" />
    <ClCompile Include="AniRender.cpp" />
    <ClCompile Include="MouseMgr.cpp" />
    <ClCompile Include="CutImgRender.cpp" />
    <ClCompile Include="CHpBar.cpp" />
    <ClCompile Include="CFSM.cpp" />
    <ClCompile Include="GameTileMgr.cpp" />
    <ClCompile Include="FontMgr.cpp" />
    <ClCompile Include="CGameLobyStage.cpp" />
  </ItemGroup>
  <ItemGroup>
    <ClInclude Include="Home.h" />
    <ClInclude Include="TextureMgr.h" />
    <ClInclude Include="SpriteMgr.h" />
    <ClInclude Include="GameObj.h" />
    <ClInclude Include="Render.h" />
    <ClInclude Include="ImgRender.h" />
    <ClInclude Include="GameObjContainer.h" />
    <ClInclude Include="GameObjMgr.h" />
    <ClInclude Include="CGameObjController.h" />
    <ClInclude Include="CGameStage.h" />
    <ClInclude Include="CGameMainStage.h" />
    <ClInclude Include="CGameStageMgr.h" />
    <ClInclude Include="ConnectMgr.h" />
    <ClInclude Include="ConnectMsg.h" />
    <ClInclude Include="CPlayerController.h" />
    <ClInclude Include="UnitObj.h" />
    <ClInclude Include="CBulletObj.h" />
    <ClInclude Include="CameraMgr.h" />
    <ClInclude Include="AniRender.h" />
    <ClInclude Include="MouseMgr.h" />
    <ClInclude Include="CutImgRender.h" />
    <ClInclude Include="CHpBar.h" />
    <ClInclude Include="CFSM.h" />
    <ClInclude Include="GameTileMgr.h" />
    <ClInclude Include="FontMgr.h" />
    <ClInclude Include="CGameLobyStage.h" />
  </ItemGroup>
  <ItemGroup>
    <CLInclude Include="resource.h">
      <Filter>Resource Files</Filter>
    </CLInclude>
    <ResourceCompile Include="GameClient.rc">
      <Filter>Resource Files</Filter>
    </ResourceCompile>
  </ItemGroup>
  <ItemGroup>
  </ItemGroup>
</Project>